
Microsoft Visual Studio Solution File, Format Version 12.00
# Visual Studio Version 17
VisualStudioVersion = 17.11.35327.3
MinimumVisualStudioVersion = 10.0.40219.1
Project("{FAE04EC0-301F-11D3-BF4B-00C04F79EFBC}") = "QuanLyChuoiCuaHangTrangSuc", "QuanLyChuoiCuaHangTrangSuc\QuanLyChuoiCuaHangTrangSuc.csproj", "{D9892676-A9C8-4D98-AEAC-92B994A6A386}"
EndProject
Project("{FAE04EC0-301F-11D3-BF4B-00C04F79EFBC}") = "DataAcessLayer", "DataAcessLayer\DataAcessLayer.csproj", "{6359DB24-21D5-402F-ABD7-6D8858D548BF}"
EndProject
Project("{FAE04EC0-301F-11D3-BF4B-00C04F79EFBC}") = "BusinessAccessLayer", "BusinessAccessLayer\BusinessAccessLayer.csproj", "{D33B0CC1-D3CC-4FAF-84C8-43404BCBFF0C}"
EndProject
Global
	GlobalSection(SolutionConfigurationPlatforms) = preSolution
		Debug|Any CPU = Debug|Any CPU
		Release|Any CPU = Release|Any CPU
	EndGlobalSection
	GlobalSection(ProjectConfigurationPlatforms) = postSolution
		{D9892676-A9C8-4D98-AEAC-92B994A6A386}.Debug|Any CPU.ActiveCfg = Debug|Any CPU
		{D9892676-A9C8-4D98-AEAC-92B994A6A386}.Debug|Any CPU.Build.0 = Debug|Any CPU
		{D9892676-A9C8-4D98-AEAC-92B994A6A386}.Release|Any CPU.ActiveCfg = Release|Any CPU
		{D9892676-A9C8-4D98-AEAC-92B994A6A386}.Release|Any CPU.Build.0 = Release|Any CPU
		{6359DB24-21D5-402F-ABD7-6D8858D548BF}.Debug|Any CPU.ActiveCfg = Debug|Any CPU
		{6359DB24-21D5-402F-ABD7-6D8858D548BF}.Debug|Any CPU.Build.0 = Debug|Any CPU
		{6359DB24-21D5-402F-ABD7-6D8858D548BF}.Release|Any CPU.ActiveCfg = Release|Any CPU
		{6359DB24-21D5-402F-ABD7-6D8858D548BF}.Release|Any CPU.Build.0 = Release|Any CPU
		{D33B0CC1-D3CC-4FAF-84C8-43404BCBFF0C}.Debug|Any CPU.ActiveCfg = Debug|Any CPU
		{D33B0CC1-D3CC-4FAF-84C8-43404BCBFF0C}.Debug|Any CPU.Build.0 = Debug|Any CPU
		{D33B0CC1-D3CC-4FAF-84C8-43404BCBFF0C}.Release|Any CPU.ActiveCfg = Release|Any CPU
		{D33B0CC1-D3CC-4FAF-84C8-43404BCBFF0C}.Release|Any CPU.Build.0 = Release|Any CPU
	EndGlobalSection
	GlobalSection(SolutionProperties) = preSolution
		HideSolutionNode = FALSE
	EndGlobalSection
	GlobalSection(ExtensibilityGlobals) = postSolution
		SolutionGuid = {22543709-38FC-449B-A2C9-C06A2F2ACD7E}
	EndGlobalSection
EndGlobal
